
Microsoft Visual Studio Solution File, Format Version 12.00
# Visual Studio Version 17
VisualStudioVersion = 17.10.35027.167
MinimumVisualStudioVersion = 10.0.40219.1
Project("{FAE04EC0-301F-11D3-BF4B-00C04F79EFBC}") = "DataContextDemo", "DataContextDemo\DataContextDemo.csproj", "{146FD04D-5FC6-446F-B471-02680E00FD49}"
EndProject
Global
	GlobalSection(SolutionConfigurationPlatforms) = preSolution
		Debug|Any CPU = Debug|Any CPU
		Release|Any CPU = Release|Any CPU
	EndGlobalSection
	GlobalSection(ProjectConfigurationPlatforms) = postSolution
		{146FD04D-5FC6-446F-B471-02680E00FD49}.Debug|Any CPU.ActiveCfg = Debug|Any CPU
		{146FD04D-5FC6-446F-B471-02680E00FD49}.Debug|Any CPU.Build.0 = Debug|Any CPU
		{146FD04D-5FC6-446F-B471-02680E00FD49}.Release|Any CPU.ActiveCfg = Release|Any CPU
		{146FD04D-5FC6-446F-B471-02680E00FD49}.Release|Any CPU.Build.0 = Release|Any CPU
	EndGlobalSection
	GlobalSection(SolutionProperties) = preSolution
		HideSolutionNode = FALSE
	EndGlobalSection
	GlobalSection(ExtensibilityGlobals) = postSolution
		SolutionGuid = {B28DD5BC-C4A1-4575-8C66-4306A6ABF8B2}
	EndGlobalSection
EndGlobal
